diff --git a/frontend/package-lock.json b/frontend/package-lock.json
index 21751eb303bbabb9c57f09d73d21c1e5712e5a0a..c9c687c3ddd8df60fe81a417d05920a3bf09360f 100644
--- a/frontend/package-lock.json
+++ b/frontend/package-lock.json
@@ -1,35 +1,37 @@
 {
   "name": "frontend",
   "version": "0.0.0",
   "lockfileVersion": 3,
   "requires": true,
   "packages": {
     "": {
       "name": "frontend",
       "version": "0.0.0",
       "dependencies": {
+        "@element-plus/icons-vue": "^2.3.1",
+        "ajv": "^8.17.1",
         "axios": "^1.13.2",
         "echarts": "^6.0.0",
         "element-plus": "^2.13.0",
         "sass": "^1.97.1",
         "vue": "^3.5.24",
         "vue-router": "^4.6.4"
       },
       "devDependencies": {
         "@vitejs/plugin-vue": "^6.0.1",
         "vite": "^7.2.4"
       }
     },
     "node_modules/@babel/helper-string-parser": {
       "version": "7.27.1",
       "resolved": "https://registry.npmjs.org/@babel/helper-string-parser/-/helper-string-parser-7.27.1.tgz",
       "integrity": "sha512-qMlSxKbpRlAridDExk92nSobyDdpPijUq2DW6oDnUqd0iOGxmQjyqhMIihI9+zv4LPyZdRje2cavWPbCbWm3eA==",
       "license": "MIT",
       "engines": {
         "node": ">=6.9.0"
       }
     },
     "node_modules/@babel/helper-validator-identifier": {
       "version": "7.28.5",
       "resolved": "https://registry.npmjs.org/@babel/helper-validator-identifier/-/helper-validator-identifier-7.28.5.tgz",
       "integrity": "sha512-qSs4ifwzKJSV39ucNjsvc6WVHs6b7S03sOh2OcHF9UHfVPqWWALUsNUVzhSBiItjRZoLHx7nIarVjqKVusUZ1Q==",
@@ -1396,50 +1398,66 @@
       "version": "0.14.10",
       "resolved": "https://registry.npmjs.org/vue-demi/-/vue-demi-0.14.10.tgz",
       "integrity": "sha512-nMZBOwuzabUO0nLgIcc6rycZEebF6eeUfaiQx9+WSk8e29IbLvPU9feI6tqW4kTo3hvoYAJkMh8n8D0fuISphg==",
       "hasInstallScript": true,
       "license": "MIT",
       "bin": {
         "vue-demi-fix": "bin/vue-demi-fix.js",
         "vue-demi-switch": "bin/vue-demi-switch.js"
       },
       "engines": {
         "node": ">=12"
       },
       "funding": {
         "url": "https://github.com/sponsors/antfu"
       },
       "peerDependencies": {
         "@vue/composition-api": "^1.0.0-rc.1",
         "vue": "^3.0.0-0 || ^2.6.0"
       },
       "peerDependenciesMeta": {
         "@vue/composition-api": {
           "optional": true
         }
       }
     },
+    "node_modules/ajv": {
+      "version": "8.17.1",
+      "resolved": "https://registry.npmjs.org/ajv/-/ajv-8.17.1.tgz",
+      "integrity": "sha512-B/gBuNg5SiMTrPkC+A2+cW0RszwxYmn6VYxB/inlBStS5nx6xHIt/ehKRhIMhqusl7a8LjQoZnjCs5vhwxOQ1g==",
+      "license": "MIT",
+      "dependencies": {
+        "fast-deep-equal": "^3.1.3",
+        "fast-uri": "^3.0.1",
+        "json-schema-traverse": "^1.0.0",
+        "require-from-string": "^2.0.2"
+      },
+      "funding": {
+        "type": "github",
+        "url": "https://github.com/sponsors/epoberezkin"
+      }
+    },
     "node_modules/async-validator": {
       "version": "4.2.5",
       "resolved": "https://registry.npmjs.org/async-validator/-/async-validator-4.2.5.tgz",
       "integrity": "sha512-7HhHjtERjqlNbZtqNqy2rckN/SpOOlmDliet+lP7k+eKZEjPk3DgyeU9lIXLdeLz0uBbbVp+9Qdow9wJWgwwfg==",
       "license": "MIT"
     },
     "node_modules/asynckit": {
       "version": "0.4.0",
       "resolved": "https://registry.npmjs.org/asynckit/-/asynckit-0.4.0.tgz",
       "integrity": "sha512-Oei9OH4tRh0YqU3GxhX79dM/mwVgvbZJaSNaRk+bshkj0S5cfHcgYakreBjrHwatXKbz+IoIdYLxrKim2MjW0Q==",
       "license": "MIT"
     },
     "node_modules/axios": {
       "version": "1.13.2",
       "resolved": "https://registry.npmjs.org/axios/-/axios-1.13.2.tgz",
       "integrity": "sha512-VPk9ebNqPcy5lRGuSlKx752IlDatOjT9paPlm8A7yOuW2Fbvp4X3JznJtT4f0GzGLLiWE9W8onz51SqLYwzGaA==",
       "license": "MIT",
       "dependencies": {
         "follow-redirects": "^1.15.6",
         "form-data": "^4.0.4",
         "proxy-from-env": "^1.1.0"
       }
     },
     "node_modules/braces": {
       "version": "3.0.3",
@@ -1660,50 +1678,72 @@
         "@esbuild/linux-arm64": "0.27.2",
         "@esbuild/linux-ia32": "0.27.2",
         "@esbuild/linux-loong64": "0.27.2",
         "@esbuild/linux-mips64el": "0.27.2",
         "@esbuild/linux-ppc64": "0.27.2",
         "@esbuild/linux-riscv64": "0.27.2",
         "@esbuild/linux-s390x": "0.27.2",
         "@esbuild/linux-x64": "0.27.2",
         "@esbuild/netbsd-arm64": "0.27.2",
         "@esbuild/netbsd-x64": "0.27.2",
         "@esbuild/openbsd-arm64": "0.27.2",
         "@esbuild/openbsd-x64": "0.27.2",
         "@esbuild/openharmony-arm64": "0.27.2",
         "@esbuild/sunos-x64": "0.27.2",
         "@esbuild/win32-arm64": "0.27.2",
         "@esbuild/win32-ia32": "0.27.2",
         "@esbuild/win32-x64": "0.27.2"
       }
     },
     "node_modules/estree-walker": {
       "version": "2.0.2",
       "resolved": "https://registry.npmjs.org/estree-walker/-/estree-walker-2.0.2.tgz",
       "integrity": "sha512-Rfkk/Mp/DL7JVje3u18FxFujQlTNR2q6QfMSMB7AvCBx91NGj/ba3kCfza0f6dVDbw7YlRf/nDrn7pQrCCyQ/w==",
       "license": "MIT"
     },
+    "node_modules/fast-deep-equal": {
+      "version": "3.1.3",
+      "resolved": "https://registry.npmjs.org/fast-deep-equal/-/fast-deep-equal-3.1.3.tgz",
+      "integrity": "sha512-f3qQ9oQy9j2AhBe/H9VC91wLmKBCCU/gDOnKNAYG5hswO7BLKj09Hc5HYNz9cGI++xlpDCIgDaitVs03ATR84Q==",
+      "license": "MIT"
+    },
+    "node_modules/fast-uri": {
+      "version": "3.1.0",
+      "resolved": "https://registry.npmjs.org/fast-uri/-/fast-uri-3.1.0.tgz",
+      "integrity": "sha512-iPeeDKJSWf4IEOasVVrknXpaBV0IApz/gp7S2bb7Z4Lljbl2MGJRqInZiUrQwV16cpzw/D3S5j5Julj/gT52AA==",
+      "funding": [
+        {
+          "type": "github",
+          "url": "https://github.com/sponsors/fastify"
+        },
+        {
+          "type": "opencollective",
+          "url": "https://opencollective.com/fastify"
+        }
+      ],
+      "license": "BSD-3-Clause"
+    },
     "node_modules/fdir": {
       "version": "6.5.0",
       "resolved": "https://registry.npmjs.org/fdir/-/fdir-6.5.0.tgz",
       "integrity": "sha512-tIbYtZbucOs0BRGqPJkshJUYdL+SDH7dVM8gjy+ERp3WAUjLEFJE+02kanyHtwjWOnwrKYBiwAmM0p4kLJAnXg==",
       "dev": true,
       "license": "MIT",
       "engines": {
         "node": ">=12.0.0"
       },
       "peerDependencies": {
         "picomatch": "^3 || ^4"
       },
       "peerDependenciesMeta": {
         "picomatch": {
           "optional": true
         }
       }
     },
     "node_modules/fill-range": {
       "version": "7.1.1",
       "resolved": "https://registry.npmjs.org/fill-range/-/fill-range-7.1.1.tgz",
       "integrity": "sha512-YsGpe3WHLK8ZYi4tWDg2Jy3ebRz2rXowDxnld4bkQB00cc/1Zw9AWnC0i9ztDJitivtQvaI9KaLyKrc+hBW0yg==",
       "license": "MIT",
       "optional": true,
       "dependencies": {
@@ -1878,50 +1918,56 @@
       }
     },
     "node_modules/is-glob": {
       "version": "4.0.3",
       "resolved": "https://registry.npmjs.org/is-glob/-/is-glob-4.0.3.tgz",
       "integrity": "sha512-xelSayHH36ZgE7ZWhli7pW34hNbNl8Ojv5KVmkJD4hBdD3th8Tfk9vYasLM+mXWOZhFkgZfxhLSnrwRr4elSSg==",
       "license": "MIT",
       "optional": true,
       "dependencies": {
         "is-extglob": "^2.1.1"
       },
       "engines": {
         "node": ">=0.10.0"
       }
     },
     "node_modules/is-number": {
       "version": "7.0.0",
       "resolved": "https://registry.npmjs.org/is-number/-/is-number-7.0.0.tgz",
       "integrity": "sha512-41Cifkg6e8TylSpdtTpeLVMqvSBEVzTttHvERD741+pnZ8ANv0004MRL43QKPDlK9cGvNp6NZWZUBlbGXYxxng==",
       "license": "MIT",
       "optional": true,
       "engines": {
         "node": ">=0.12.0"
       }
     },
+    "node_modules/json-schema-traverse": {
+      "version": "1.0.0",
+      "resolved": "https://registry.npmjs.org/json-schema-traverse/-/json-schema-traverse-1.0.0.tgz",
+      "integrity": "sha512-NM8/P9n3XjXhIZn1lLhkFaACTOURQXjWhV4BA/RnOv8xvgqtqpAX9IO4mRQxSx1Rlo4tqzeqb0sOlruaOy3dug==",
+      "license": "MIT"
+    },
     "node_modules/lodash": {
       "version": "4.17.21",
       "resolved": "https://registry.npmjs.org/lodash/-/lodash-4.17.21.tgz",
       "integrity": "sha512-v2kDEe57lecTulaDIuNTPy3Ry4gLGJ6Z1O3vE1krgXZNrsQ+LFTGHVxVjcXPs17LhbZVGedAJv8XZ1tvj5FvSg==",
       "license": "MIT"
     },
     "node_modules/lodash-es": {
       "version": "4.17.22",
       "resolved": "https://registry.npmjs.org/lodash-es/-/lodash-es-4.17.22.tgz",
       "integrity": "sha512-XEawp1t0gxSi9x01glktRZ5HDy0HXqrM0x5pXQM98EaI0NxO6jVM7omDOxsuEo5UIASAnm2bRp1Jt/e0a2XU8Q==",
       "license": "MIT"
     },
     "node_modules/lodash-unified": {
       "version": "1.0.3",
       "resolved": "https://registry.npmjs.org/lodash-unified/-/lodash-unified-1.0.3.tgz",
       "integrity": "sha512-WK9qSozxXOD7ZJQlpSqOT+om2ZfcT4yO+03FuzAHD0wF6S0l0090LRPDx3vhTTLZ8cFKpBn+IOcVXK6qOcIlfQ==",
       "license": "MIT",
       "peerDependencies": {
         "@types/lodash-es": "*",
         "lodash": "*",
         "lodash-es": "*"
       }
     },
     "node_modules/magic-string": {
       "version": "0.30.21",
@@ -2070,50 +2116,59 @@
         "source-map-js": "^1.2.1"
       },
       "engines": {
         "node": "^10 || ^12 || >=14"
       }
     },
     "node_modules/proxy-from-env": {
       "version": "1.1.0",
       "resolved": "https://registry.npmjs.org/proxy-from-env/-/proxy-from-env-1.1.0.tgz",
       "integrity": "sha512-D+zkORCbA9f1tdWRK0RaCR3GPv50cMxcrz4X8k5LTSUD1Dkw47mKJEZQNunItRTkWwgtaUSo1RVFRIG9ZXiFYg==",
       "license": "MIT"
     },
     "node_modules/readdirp": {
       "version": "4.1.2",
       "resolved": "https://registry.npmjs.org/readdirp/-/readdirp-4.1.2.tgz",
       "integrity": "sha512-GDhwkLfywWL2s6vEjyhri+eXmfH6j1L7JE27WhqLeYzoh/A3DBaYGEj2H/HFZCn/kMfim73FXxEJTw06WtxQwg==",
       "license": "MIT",
       "engines": {
         "node": ">= 14.18.0"
       },
       "funding": {
         "type": "individual",
         "url": "https://paulmillr.com/funding/"
       }
     },
+    "node_modules/require-from-string": {
+      "version": "2.0.2",
+      "resolved": "https://registry.npmjs.org/require-from-string/-/require-from-string-2.0.2.tgz",
+      "integrity": "sha512-Xf0nWe6RseziFMu+Ap9biiUbmplq6S9/p+7w7YXP/JBHhrUDDUhwa+vANyubuqfZWTveU//DYVGsDG7RKL/vEw==",
+      "license": "MIT",
+      "engines": {
+        "node": ">=0.10.0"
+      }
+    },
     "node_modules/rollup": {
       "version": "4.54.0",
       "resolved": "https://registry.npmjs.org/rollup/-/rollup-4.54.0.tgz",
       "integrity": "sha512-3nk8Y3a9Ea8szgKhinMlGMhGMw89mqule3KWczxhIzqudyHdCIOHw8WJlj/r329fACjKLEh13ZSk7oE22kyeIw==",
       "dev": true,
       "license": "MIT",
       "dependencies": {
         "@types/estree": "1.0.8"
       },
       "bin": {
         "rollup": "dist/bin/rollup"
       },
       "engines": {
         "node": ">=18.0.0",
         "npm": ">=8.0.0"
       },
       "optionalDependencies": {
         "@rollup/rollup-android-arm-eabi": "4.54.0",
         "@rollup/rollup-android-arm64": "4.54.0",
         "@rollup/rollup-darwin-arm64": "4.54.0",
         "@rollup/rollup-darwin-x64": "4.54.0",
         "@rollup/rollup-freebsd-arm64": "4.54.0",
         "@rollup/rollup-freebsd-x64": "4.54.0",
         "@rollup/rollup-linux-arm-gnueabihf": "4.54.0",
         "@rollup/rollup-linux-arm-musleabihf": "4.54.0",
